
Microsoft Visual Studio Solution File, Format Version 12.00
# Visual Studio Version 16
VisualStudioVersion = 16.0.29911.84
MinimumVisualStudioVersion = 10.0.40219.1
Project("{FAE04EC0-301F-11D3-BF4B-00C04F79EFBC}") = "SaveState.Android", "SaveState\SaveState.Android\SaveState.Android.csproj", "{B00B8C1E-4CC9-4F79-A75E-56061FAC829F}"
EndProject
Project("{FAE04EC0-301F-11D3-BF4B-00C04F79EFBC}") = "SaveState", "SaveState\SaveState\SaveState.csproj", "{45907119-EDCF-4635-BA8B-10FF04367BF2}"
EndProject
Global
	GlobalSection(SolutionConfigurationPlatforms) = preSolution
		Debug|Any CPU = Debug|Any CPU
		Release|Any CPU = Release|Any CPU
	EndGlobalSection
	GlobalSection(ProjectConfigurationPlatforms) = postSolution
		{B00B8C1E-4CC9-4F79-A75E-56061FAC829F}.Debug|Any CPU.ActiveCfg = Debug|Any CPU
		{B00B8C1E-4CC9-4F79-A75E-56061FAC829F}.Debug|Any CPU.Build.0 = Debug|Any CPU
		{B00B8C1E-4CC9-4F79-A75E-56061FAC829F}.Debug|Any CPU.Deploy.0 = Debug|Any CPU
		{B00B8C1E-4CC9-4F79-A75E-56061FAC829F}.Release|Any CPU.ActiveCfg = Release|Any CPU
		{B00B8C1E-4CC9-4F79-A75E-56061FAC829F}.Release|Any CPU.Build.0 = Release|Any CPU
		{B00B8C1E-4CC9-4F79-A75E-56061FAC829F}.Release|Any CPU.Deploy.0 = Release|Any CPU
		{45907119-EDCF-4635-BA8B-10FF04367BF2}.Debug|Any CPU.ActiveCfg = Debug|Any CPU
		{45907119-EDCF-4635-BA8B-10FF04367BF2}.Debug|Any CPU.Build.0 = Debug|Any CPU
		{45907119-EDCF-4635-BA8B-10FF04367BF2}.Debug|Any CPU.Deploy.0 = Debug|Any CPU
		{45907119-EDCF-4635-BA8B-10FF04367BF2}.Release|Any CPU.ActiveCfg = Release|Any CPU
		{45907119-EDCF-4635-BA8B-10FF04367BF2}.Release|Any CPU.Build.0 = Release|Any CPU
		{45907119-EDCF-4635-BA8B-10FF04367BF2}.Release|Any CPU.Deploy.0 = Release|Any CPU
	EndGlobalSection
	GlobalSection(SolutionProperties) = preSolution
		HideSolutionNode = FALSE
	EndGlobalSection
	GlobalSection(ExtensibilityGlobals) = postSolution
		SolutionGuid = {59DF7F9F-46F6-4C93-9C0E-E3D318CBD18D}
	EndGlobalSection
EndGlobal
