
Microsoft Visual Studio Solution File, Format Version 12.00
# Visual Studio Version 16
VisualStudioVersion = 16.0.29920.165
MinimumVisualStudioVersion = 10.0.40219.1
Project("{FAE04EC0-301F-11D3-BF4B-00C04F79EFBC}") = "GroceryApp.Android", "GroceryApp\GroceryApp.Android\GroceryApp.Android.csproj", "{BCBDCFBB-B50B-487B-A07D-9329C771C527}"
EndProject
Project("{FAE04EC0-301F-11D3-BF4B-00C04F79EFBC}") = "GroceryApp", "GroceryApp\GroceryApp\GroceryApp.csproj", "{4FDD5F6A-2EB9-49B3-B944-45C832C298ED}"
EndProject
Global
	GlobalSection(SolutionConfigurationPlatforms) = preSolution
		Debug|Any CPU = Debug|Any CPU
		Release|Any CPU = Release|Any CPU
	EndGlobalSection
	GlobalSection(ProjectConfigurationPlatforms) = postSolution
		{BCBDCFBB-B50B-487B-A07D-9329C771C527}.Debug|Any CPU.ActiveCfg = Debug|Any CPU
		{BCBDCFBB-B50B-487B-A07D-9329C771C527}.Debug|Any CPU.Build.0 = Debug|Any CPU
		{BCBDCFBB-B50B-487B-A07D-9329C771C527}.Debug|Any CPU.Deploy.0 = Debug|Any CPU
		{BCBDCFBB-B50B-487B-A07D-9329C771C527}.Release|Any CPU.ActiveCfg = Release|Any CPU
		{BCBDCFBB-B50B-487B-A07D-9329C771C527}.Release|Any CPU.Build.0 = Release|Any CPU
		{BCBDCFBB-B50B-487B-A07D-9329C771C527}.Release|Any CPU.Deploy.0 = Release|Any CPU
		{4FDD5F6A-2EB9-49B3-B944-45C832C298ED}.Debug|Any CPU.ActiveCfg = Debug|Any CPU
		{4FDD5F6A-2EB9-49B3-B944-45C832C298ED}.Debug|Any CPU.Build.0 = Debug|Any CPU
		{4FDD5F6A-2EB9-49B3-B944-45C832C298ED}.Debug|Any CPU.Deploy.0 = Debug|Any CPU
		{4FDD5F6A-2EB9-49B3-B944-45C832C298ED}.Release|Any CPU.ActiveCfg = Release|Any CPU
		{4FDD5F6A-2EB9-49B3-B944-45C832C298ED}.Release|Any CPU.Build.0 = Release|Any CPU
		{4FDD5F6A-2EB9-49B3-B944-45C832C298ED}.Release|Any CPU.Deploy.0 = Release|Any CPU
	EndGlobalSection
	GlobalSection(SolutionProperties) = preSolution
		HideSolutionNode = FALSE
	EndGlobalSection
	GlobalSection(ExtensibilityGlobals) = postSolution
		SolutionGuid = {4F35DEA0-EA5D-447A-A77E-4A658BDF3FDE}
	EndGlobalSection
EndGlobal
